
Microsoft Visual Studio Solution File, Format Version 12.00
# Visual Studio Version 17
VisualStudioVersion = 17.1.32328.378
MinimumVisualStudioVersion = 10.0.40219.1
Project("{8BC9CEB8-8B4A-11D0-8D11-00A0C91BC942}") = "Game2", "Game2.vcxproj", "{68AF54AA-7EF5-4BB9-A27A-1E6B4D95AE9B}"
EndProject
Global
	GlobalSection(SolutionConfigurationPlatforms) = preSolution
		Debug|x64 = Debug|x64
		Debug|x86 = Debug|x86
		Release|x64 = Release|x64
		Release|x86 = Release|x86
	EndGlobalSection
	GlobalSection(ProjectConfigurationPlatforms) = postSolution
		{68AF54AA-7EF5-4BB9-A27A-1E6B4D95AE9B}.Debug|x64.ActiveCfg = Debug|x64
		{68AF54AA-7EF5-4BB9-A27A-1E6B4D95AE9B}.Debug|x64.Build.0 = Debug|x64
		{68AF54AA-7EF5-4BB9-A27A-1E6B4D95AE9B}.Debug|x86.ActiveCfg = Debug|Win32
		{68AF54AA-7EF5-4BB9-A27A-1E6B4D95AE9B}.Debug|x86.Build.0 = Debug|Win32
		{68AF54AA-7EF5-4BB9-A27A-1E6B4D95AE9B}.Release|x64.ActiveCfg = Release|x64
		{68AF54AA-7EF5-4BB9-A27A-1E6B4D95AE9B}.Release|x64.Build.0 = Release|x64
		{68AF54AA-7EF5-4BB9-A27A-1E6B4D95AE9B}.Release|x86.ActiveCfg = Release|Win32
		{68AF54AA-7EF5-4BB9-A27A-1E6B4D95AE9B}.Release|x86.Build.0 = Release|Win32
	EndGlobalSection
	GlobalSection(SolutionProperties) = preSolution
		HideSolutionNode = FALSE
	EndGlobalSection
	GlobalSection(ExtensibilityGlobals) = postSolution
		SolutionGuid = {F194918A-2D4A-48CD-A65F-E395BAE7BD1A}
	EndGlobalSection
EndGlobal
