
Microsoft Visual Studio Solution File, Format Version 12.00
# Visual Studio Version 16
VisualStudioVersion = 16.0.31702.278
MinimumVisualStudioVersion = 10.0.40219.1
Project("{9A19103F-16F7-4668-BE54-9A1E7A4F7556}") = "hw1.1", "hw1.1.csproj", "{4F4CEE7A-2CC9-400C-B45B-4852F67B4534}"
EndProject
Project("{9A19103F-16F7-4668-BE54-9A1E7A4F7556}") = "TestPolymorphism", "..\TestPolymorphism\TestPolymorphism.csproj", "{050696A6-95A8-4894-A0CD-BB0BA80259D8}"
EndProject
Project("{9A19103F-16F7-4668-BE54-9A1E7A4F7556}") = "ClassesTest1", "..\ClassesTest1\ClassesTest1.csproj", "{980849C6-C9A9-41A3-B160-254F5E086580}"
EndProject
Project("{9A19103F-16F7-4668-BE54-9A1E7A4F7556}") = "WinFormsApp2", "..\WinFormsApp2\WinFormsApp2.csproj", "{6C6CC39B-702B-4D69-B8BA-3102A3110683}"
EndProject
Project("{FAE04EC0-301F-11D3-BF4B-00C04F79EFBC}") = "hw1.2", "..\hw1.2\hw1.2.csproj", "{C4A9A283-63B1-470E-A83E-206B7DBA9860}"
EndProject
Global
	GlobalSection(SolutionConfigurationPlatforms) = preSolution
		Debug|Any CPU = Debug|Any CPU
		Release|Any CPU = Release|Any CPU
	EndGlobalSection
	GlobalSection(ProjectConfigurationPlatforms) = postSolution
		{4F4CEE7A-2CC9-400C-B45B-4852F67B4534}.Debug|Any CPU.ActiveCfg = Debug|Any CPU
		{4F4CEE7A-2CC9-400C-B45B-4852F67B4534}.Debug|Any CPU.Build.0 = Debug|Any CPU
		{4F4CEE7A-2CC9-400C-B45B-4852F67B4534}.Release|Any CPU.ActiveCfg = Release|Any CPU
		{4F4CEE7A-2CC9-400C-B45B-4852F67B4534}.Release|Any CPU.Build.0 = Release|Any CPU
		{050696A6-95A8-4894-A0CD-BB0BA80259D8}.Debug|Any CPU.ActiveCfg = Debug|Any CPU
		{050696A6-95A8-4894-A0CD-BB0BA80259D8}.Debug|Any CPU.Build.0 = Debug|Any CPU
		{050696A6-95A8-4894-A0CD-BB0BA80259D8}.Release|Any CPU.ActiveCfg = Release|Any CPU
		{050696A6-95A8-4894-A0CD-BB0BA80259D8}.Release|Any CPU.Build.0 = Release|Any CPU
		{980849C6-C9A9-41A3-B160-254F5E086580}.Debug|Any CPU.ActiveCfg = Debug|Any CPU
		{980849C6-C9A9-41A3-B160-254F5E086580}.Debug|Any CPU.Build.0 = Debug|Any CPU
		{980849C6-C9A9-41A3-B160-254F5E086580}.Release|Any CPU.ActiveCfg = Release|Any CPU
		{980849C6-C9A9-41A3-B160-254F5E086580}.Release|Any CPU.Build.0 = Release|Any CPU
		{6C6CC39B-702B-4D69-B8BA-3102A3110683}.Debug|Any CPU.ActiveCfg = Debug|Any CPU
		{6C6CC39B-702B-4D69-B8BA-3102A3110683}.Debug|Any CPU.Build.0 = Debug|Any CPU
		{6C6CC39B-702B-4D69-B8BA-3102A3110683}.Release|Any CPU.ActiveCfg = Release|Any CPU
		{6C6CC39B-702B-4D69-B8BA-3102A3110683}.Release|Any CPU.Build.0 = Release|Any CPU
		{C4A9A283-63B1-470E-A83E-206B7DBA9860}.Debug|Any CPU.ActiveCfg = Debug|Any CPU
		{C4A9A283-63B1-470E-A83E-206B7DBA9860}.Debug|Any CPU.Build.0 = Debug|Any CPU
		{C4A9A283-63B1-470E-A83E-206B7DBA9860}.Release|Any CPU.ActiveCfg = Release|Any CPU
		{C4A9A283-63B1-470E-A83E-206B7DBA9860}.Release|Any CPU.Build.0 = Release|Any CPU
	EndGlobalSection
	GlobalSection(SolutionProperties) = preSolution
		HideSolutionNode = FALSE
	EndGlobalSection
	GlobalSection(ExtensibilityGlobals) = postSolution
		SolutionGuid = {2CC69C77-435A-4E5F-BC20-2312D0294172}
	EndGlobalSection
EndGlobal
